
Microsoft Visual Studio Solution File, Format Version 12.00
# Visual Studio Version 16
VisualStudioVersion = 16.0.31321.278
MinimumVisualStudioVersion = 10.0.40219.1
Project("{9A19103F-16F7-4668-BE54-9A1E7A4F7556}") = "LuckyTicket", "HappyTicket\LuckyTicket.csproj", "{214BA66D-1F15-480A-9D1B-B7F2994A90CF}"
EndProject
Project("{9A19103F-16F7-4668-BE54-9A1E7A4F7556}") = "Fibonacci", "Fibonachi\Fibonacci.csproj", "{14C08260-421F-4383-B968-F3ABEB773E5D}"
EndProject
Project("{9A19103F-16F7-4668-BE54-9A1E7A4F7556}") = "Validation", "ValidationClass\Validation.csproj", "{BDF63F97-FB45-47C2-8DB8-AB23356E2DBD}"
EndProject
Project("{9A19103F-16F7-4668-BE54-9A1E7A4F7556}") = "ChessBoard", "ChessBoard\ChessBoard.csproj", "{06FDB79E-4C4F-402E-93A3-CEB234D90A37}"
EndProject
Project("{9A19103F-16F7-4668-BE54-9A1E7A4F7556}") = "CommunicationWithConsole", "Menu\CommunicationWithConsole.csproj", "{ECEAD3EB-EB81-4F95-A068-B29CC7BF1CDE}"
EndProject
Project("{9A19103F-16F7-4668-BE54-9A1E7A4F7556}") = "Envelopes", "Triangles\Envelopes.csproj", "{9F014FC9-359C-4EE9-8ECC-BDCCD1B0F5D5}"
EndProject
Project("{9A19103F-16F7-4668-BE54-9A1E7A4F7556}") = "StartApp", "StartApp\StartApp.csproj", "{13D3A99C-351F-46F2-9D07-813C4244A01B}"
EndProject
Project("{9A19103F-16F7-4668-BE54-9A1E7A4F7556}") = "NumericalSequence", "NumericalSequence\NumericalSequence.csproj", "{3A184641-84B7-441D-AAEE-57E1F44FC68A}"
EndProject
Project("{9A19103F-16F7-4668-BE54-9A1E7A4F7556}") = "TrianglesSorting", "TrianglesSorting\TrianglesSorting.csproj", "{7F21ECC0-7A5C-48F9-8A30-249656D7113F}"
EndProject
Project("{9A19103F-16F7-4668-BE54-9A1E7A4F7556}") = "FileParser", "FileParser\FileParser.csproj", "{669AA47F-AA5C-4E5D-BF5F-E5ECFAD09A62}"
EndProject
Project("{9A19103F-16F7-4668-BE54-9A1E7A4F7556}") = "IntToString", "IntToString\IntToString.csproj", "{5B2A4DC5-DE0F-46F1-8232-27CFF32C7336}"
EndProject
Project("{9A19103F-16F7-4668-BE54-9A1E7A4F7556}") = "ChessBoard.Tests", "ChessBoard.Tests\ChessBoard.Tests.csproj", "{070CDF6F-43BC-4567-A0A8-EE3F6D36F729}"
EndProject
Project("{9A19103F-16F7-4668-BE54-9A1E7A4F7556}") = "CommunicationWithConsole.Tests", "CommunicationWithConsole.Tests\CommunicationWithConsole.Tests.csproj", "{9EFDB957-7A13-4429-A4AF-65097B0A7512}"
EndProject
Project("{9A19103F-16F7-4668-BE54-9A1E7A4F7556}") = "FileParser.Tests", "FileParser.Tests\FileParser.Tests.csproj", "{38A156D4-FFB4-4C43-8C5D-553DE423146D}"
EndProject
Project("{FAE04EC0-301F-11D3-BF4B-00C04F79EFBC}") = "Services", "Services\Services.csproj", "{30571627-CFC5-46C5-A9EC-537C12C3431C}"
EndProject
Global
	GlobalSection(SolutionConfigurationPlatforms) = preSolution
		Debug|Any CPU = Debug|Any CPU
		Release|Any CPU = Release|Any CPU
	EndGlobalSection
	GlobalSection(ProjectConfigurationPlatforms) = postSolution
		{214BA66D-1F15-480A-9D1B-B7F2994A90CF}.Debug|Any CPU.ActiveCfg = Debug|Any CPU
		{214BA66D-1F15-480A-9D1B-B7F2994A90CF}.Debug|Any CPU.Build.0 = Debug|Any CPU
		{214BA66D-1F15-480A-9D1B-B7F2994A90CF}.Release|Any CPU.ActiveCfg = Release|Any CPU
		{214BA66D-1F15-480A-9D1B-B7F2994A90CF}.Release|Any CPU.Build.0 = Release|Any CPU
		{14C08260-421F-4383-B968-F3ABEB773E5D}.Debug|Any CPU.ActiveCfg = Debug|Any CPU
		{14C08260-421F-4383-B968-F3ABEB773E5D}.Debug|Any CPU.Build.0 = Debug|Any CPU
		{14C08260-421F-4383-B968-F3ABEB773E5D}.Release|Any CPU.ActiveCfg = Release|Any CPU
		{14C08260-421F-4383-B968-F3ABEB773E5D}.Release|Any CPU.Build.0 = Release|Any CPU
		{BDF63F97-FB45-47C2-8DB8-AB23356E2DBD}.Debug|Any CPU.ActiveCfg = Debug|Any CPU
		{BDF63F97-FB45-47C2-8DB8-AB23356E2DBD}.Debug|Any CPU.Build.0 = Debug|Any CPU
		{BDF63F97-FB45-47C2-8DB8-AB23356E2DBD}.Release|Any CPU.ActiveCfg = Release|Any CPU
		{BDF63F97-FB45-47C2-8DB8-AB23356E2DBD}.Release|Any CPU.Build.0 = Release|Any CPU
		{06FDB79E-4C4F-402E-93A3-CEB234D90A37}.Debug|Any CPU.ActiveCfg = Debug|Any CPU
		{06FDB79E-4C4F-402E-93A3-CEB234D90A37}.Debug|Any CPU.Build.0 = Debug|Any CPU
		{06FDB79E-4C4F-402E-93A3-CEB234D90A37}.Release|Any CPU.ActiveCfg = Release|Any CPU
		{06FDB79E-4C4F-402E-93A3-CEB234D90A37}.Release|Any CPU.Build.0 = Release|Any CPU
		{ECEAD3EB-EB81-4F95-A068-B29CC7BF1CDE}.Debug|Any CPU.ActiveCfg = Debug|Any CPU
		{ECEAD3EB-EB81-4F95-A068-B29CC7BF1CDE}.Debug|Any CPU.Build.0 = Debug|Any CPU
		{ECEAD3EB-EB81-4F95-A068-B29CC7BF1CDE}.Release|Any CPU.ActiveCfg = Release|Any CPU
		{ECEAD3EB-EB81-4F95-A068-B29CC7BF1CDE}.Release|Any CPU.Build.0 = Release|Any CPU
		{9F014FC9-359C-4EE9-8ECC-BDCCD1B0F5D5}.Debug|Any CPU.ActiveCfg = Debug|Any CPU
		{9F014FC9-359C-4EE9-8ECC-BDCCD1B0F5D5}.Debug|Any CPU.Build.0 = Debug|Any CPU
		{9F014FC9-359C-4EE9-8ECC-BDCCD1B0F5D5}.Release|Any CPU.ActiveCfg = Release|Any CPU
		{9F014FC9-359C-4EE9-8ECC-BDCCD1B0F5D5}.Release|Any CPU.Build.0 = Release|Any CPU
		{13D3A99C-351F-46F2-9D07-813C4244A01B}.Debug|Any CPU.ActiveCfg = Debug|Any CPU
		{13D3A99C-351F-46F2-9D07-813C4244A01B}.Debug|Any CPU.Build.0 = Debug|Any CPU
		{13D3A99C-351F-46F2-9D07-813C4244A01B}.Release|Any CPU.ActiveCfg = Release|Any CPU
		{13D3A99C-351F-46F2-9D07-813C4244A01B}.Release|Any CPU.Build.0 = Release|Any CPU
		{3A184641-84B7-441D-AAEE-57E1F44FC68A}.Debug|Any CPU.ActiveCfg = Debug|Any CPU
		{3A184641-84B7-441D-AAEE-57E1F44FC68A}.Debug|Any CPU.Build.0 = Debug|Any CPU
		{3A184641-84B7-441D-AAEE-57E1F44FC68A}.Release|Any CPU.ActiveCfg = Release|Any CPU
		{3A184641-84B7-441D-AAEE-57E1F44FC68A}.Release|Any CPU.Build.0 = Release|Any CPU
		{7F21ECC0-7A5C-48F9-8A30-249656D7113F}.Debug|Any CPU.ActiveCfg = Debug|Any CPU
		{7F21ECC0-7A5C-48F9-8A30-249656D7113F}.Debug|Any CPU.Build.0 = Debug|Any CPU
		{7F21ECC0-7A5C-48F9-8A30-249656D7113F}.Release|Any CPU.ActiveCfg = Release|Any CPU
		{7F21ECC0-7A5C-48F9-8A30-249656D7113F}.Release|Any CPU.Build.0 = Release|Any CPU
		{669AA47F-AA5C-4E5D-BF5F-E5ECFAD09A62}.Debug|Any CPU.ActiveCfg = Debug|Any CPU
		{669AA47F-AA5C-4E5D-BF5F-E5ECFAD09A62}.Debug|Any CPU.Build.0 = Debug|Any CPU
		{669AA47F-AA5C-4E5D-BF5F-E5ECFAD09A62}.Release|Any CPU.ActiveCfg = Release|Any CPU
		{669AA47F-AA5C-4E5D-BF5F-E5ECFAD09A62}.Release|Any CPU.Build.0 = Release|Any CPU
		{5B2A4DC5-DE0F-46F1-8232-27CFF32C7336}.Debug|Any CPU.ActiveCfg = Debug|Any CPU
		{5B2A4DC5-DE0F-46F1-8232-27CFF32C7336}.Debug|Any CPU.Build.0 = Debug|Any CPU
		{5B2A4DC5-DE0F-46F1-8232-27CFF32C7336}.Release|Any CPU.ActiveCfg = Release|Any CPU
		{5B2A4DC5-DE0F-46F1-8232-27CFF32C7336}.Release|Any CPU.Build.0 = Release|Any CPU
		{070CDF6F-43BC-4567-A0A8-EE3F6D36F729}.Debug|Any CPU.ActiveCfg = Debug|Any CPU
		{070CDF6F-43BC-4567-A0A8-EE3F6D36F729}.Debug|Any CPU.Build.0 = Debug|Any CPU
		{070CDF6F-43BC-4567-A0A8-EE3F6D36F729}.Release|Any CPU.ActiveCfg = Release|Any CPU
		{070CDF6F-43BC-4567-A0A8-EE3F6D36F729}.Release|Any CPU.Build.0 = Release|Any CPU
		{9EFDB957-7A13-4429-A4AF-65097B0A7512}.Debug|Any CPU.ActiveCfg = Debug|Any CPU
		{9EFDB957-7A13-4429-A4AF-65097B0A7512}.Debug|Any CPU.Build.0 = Debug|Any CPU
		{9EFDB957-7A13-4429-A4AF-65097B0A7512}.Release|Any CPU.ActiveCfg = Release|Any CPU
		{9EFDB957-7A13-4429-A4AF-65097B0A7512}.Release|Any CPU.Build.0 = Release|Any CPU
		{38A156D4-FFB4-4C43-8C5D-553DE423146D}.Debug|Any CPU.ActiveCfg = Debug|Any CPU
		{38A156D4-FFB4-4C43-8C5D-553DE423146D}.Debug|Any CPU.Build.0 = Debug|Any CPU
		{38A156D4-FFB4-4C43-8C5D-553DE423146D}.Release|Any CPU.ActiveCfg = Release|Any CPU
		{38A156D4-FFB4-4C43-8C5D-553DE423146D}.Release|Any CPU.Build.0 = Release|Any CPU
		{30571627-CFC5-46C5-A9EC-537C12C3431C}.Debug|Any CPU.ActiveCfg = Debug|Any CPU
		{30571627-CFC5-46C5-A9EC-537C12C3431C}.Debug|Any CPU.Build.0 = Debug|Any CPU
		{30571627-CFC5-46C5-A9EC-537C12C3431C}.Release|Any CPU.ActiveCfg = Release|Any CPU
		{30571627-CFC5-46C5-A9EC-537C12C3431C}.Release|Any CPU.Build.0 = Release|Any CPU
	EndGlobalSection
	GlobalSection(SolutionProperties) = preSolution
		HideSolutionNode = FALSE
	EndGlobalSection
	GlobalSection(ExtensibilityGlobals) = postSolution
		SolutionGuid = {0E18DAD0-551B-43C7-B713-D227099A1D6F}
	EndGlobalSection
EndGlobal
